
Microsoft Visual Studio Solution File, Format Version 12.00
# Visual Studio Version 17
VisualStudioVersion = 17.6.33815.320
MinimumVisualStudioVersion = 10.0.40219.1
Project("{FAE04EC0-301F-11D3-BF4B-00C04F79EFBC}") = "Algoritma", "Algoritma\Algoritma.csproj", "{189F73EB-F42A-418D-81CF-C75698AE8E40}"
EndProject
Global
	GlobalSection(SolutionConfigurationPlatforms) = preSolution
		Debug|Any CPU = Debug|Any CPU
		Release|Any CPU = Release|Any CPU
	EndGlobalSection
	GlobalSection(ProjectConfigurationPlatforms) = postSolution
		{189F73EB-F42A-418D-81CF-C75698AE8E40}.Debug|Any CPU.ActiveCfg = Debug|Any CPU
		{189F73EB-F42A-418D-81CF-C75698AE8E40}.Debug|Any CPU.Build.0 = Debug|Any CPU
		{189F73EB-F42A-418D-81CF-C75698AE8E40}.Release|Any CPU.ActiveCfg = Release|Any CPU
		{189F73EB-F42A-418D-81CF-C75698AE8E40}.Release|Any CPU.Build.0 = Release|Any CPU
	EndGlobalSection
	GlobalSection(SolutionProperties) = preSolution
		HideSolutionNode = FALSE
	EndGlobalSection
	GlobalSection(ExtensibilityGlobals) = postSolution
		SolutionGuid = {1DF3A599-F2E2-4662-9F45-425F2F5058D6}
	EndGlobalSection
EndGlobal
